
Microsoft Visual Studio Solution File, Format Version 12.00
# Visual Studio 15
VisualStudioVersion = 15.0.27703.2000
MinimumVisualStudioVersion = 10.0.40219.1
Project("{FAE04EC0-301F-11D3-BF4B-00C04F79EFBC}") = "QuestionsAboutMe", "QuestionsAboutMe\QuestionsAboutMe.csproj", "{DA424A5F-6F5F-48E5-A88E-1A608E00DEE0}"
EndProject
Project("{FAE04EC0-301F-11D3-BF4B-00C04F79EFBC}") = "DataAccess", "DataAccess\DataAccess.csproj", "{9422F50B-F9DE-4766-806A-973EF8C91BE1}"
EndProject
Project("{FAE04EC0-301F-11D3-BF4B-00C04F79EFBC}") = "BLL", "BLL\BLL.csproj", "{0CC47EF0-D75C-4BD0-AD5F-A4A0FF79DEFC}"
EndProject
Global
	GlobalSection(SolutionConfigurationPlatforms) = preSolution
		Debug|Any CPU = Debug|Any CPU
		Release|Any CPU = Release|Any CPU
	EndGlobalSection
	GlobalSection(ProjectConfigurationPlatforms) = postSolution
		{DA424A5F-6F5F-48E5-A88E-1A608E00DEE0}.Debug|Any CPU.ActiveCfg = Debug|Any CPU
		{DA424A5F-6F5F-48E5-A88E-1A608E00DEE0}.Debug|Any CPU.Build.0 = Debug|Any CPU
		{DA424A5F-6F5F-48E5-A88E-1A608E00DEE0}.Release|Any CPU.ActiveCfg = Release|Any CPU
		{DA424A5F-6F5F-48E5-A88E-1A608E00DEE0}.Release|Any CPU.Build.0 = Release|Any CPU
		{9422F50B-F9DE-4766-806A-973EF8C91BE1}.Debug|Any CPU.ActiveCfg = Debug|Any CPU
		{9422F50B-F9DE-4766-806A-973EF8C91BE1}.Debug|Any CPU.Build.0 = Debug|Any CPU
		{9422F50B-F9DE-4766-806A-973EF8C91BE1}.Release|Any CPU.ActiveCfg = Release|Any CPU
		{9422F50B-F9DE-4766-806A-973EF8C91BE1}.Release|Any CPU.Build.0 = Release|Any CPU
		{0CC47EF0-D75C-4BD0-AD5F-A4A0FF79DEFC}.Debug|Any CPU.ActiveCfg = Debug|Any CPU
		{0CC47EF0-D75C-4BD0-AD5F-A4A0FF79DEFC}.Debug|Any CPU.Build.0 = Debug|Any CPU
		{0CC47EF0-D75C-4BD0-AD5F-A4A0FF79DEFC}.Release|Any CPU.ActiveCfg = Release|Any CPU
		{0CC47EF0-D75C-4BD0-AD5F-A4A0FF79DEFC}.Release|Any CPU.Build.0 = Release|Any CPU
	EndGlobalSection
	GlobalSection(SolutionProperties) = preSolution
		HideSolutionNode = FALSE
	EndGlobalSection
	GlobalSection(ExtensibilityGlobals) = postSolution
		SolutionGuid = {B7F9B004-A3CB-4047-97B7-86FAEA9FFFAE}
	EndGlobalSection
EndGlobal
